
Microsoft Visual Studio Solution File, Format Version 12.00
# Visual Studio 15
VisualStudioVersion = 15.0.27130.2027
MinimumVisualStudioVersion = 10.0.40219.1
Project("{9A19103F-16F7-4668-BE54-9A1E7A4F7556}") = "Last3ConsecutiveEqualStrings", "Last3ConsecutiveEqualStrings\Last3ConsecutiveEqualStrings.csproj", "{A36AC588-6A19-41A5-B0F5-EFDB866705D2}"
EndProject
Project("{9A19103F-16F7-4668-BE54-9A1E7A4F7556}") = "ArrayElementsEqualToTheirIndex", "ArrayElementsEqualToTheirIndex\ArrayElementsEqualToTheirIndex.csproj", "{09BA168D-B892-412D-B0DD-E133CB3C7633}"
EndProject
Project("{9A19103F-16F7-4668-BE54-9A1E7A4F7556}") = "Phonebook", "Phonebook\Phonebook.csproj", "{B71995ED-BD17-4947-9027-50C5D0635C23}"
EndProject
Project("{9A19103F-16F7-4668-BE54-9A1E7A4F7556}") = "Phone", "Phone\Phone.csproj", "{D1B7C759-3939-403D-8F5B-84A7B7A88B56}"
EndProject
Project("{9A19103F-16F7-4668-BE54-9A1E7A4F7556}") = "CharRotation", "CharRotation\CharRotation.csproj", "{CAAEFA23-08F6-47E9-9173-D0A52C2A675E}"
EndProject
Project("{FAE04EC0-301F-11D3-BF4B-00C04F79EFBC}") = "PowerPlants", "PowerPlants\PowerPlants.csproj", "{62C946B5-5E2E-472A-A60B-2097B40A8C8A}"
EndProject
Project("{FAE04EC0-301F-11D3-BF4B-00C04F79EFBC}") = "ResizableArray", "ResizableArray\ResizableArray.csproj", "{0DA10E3E-7F8E-4DC2-8F55-00A4B7BE5D79}"
EndProject
Global
	GlobalSection(SolutionConfigurationPlatforms) = preSolution
		Debug|Any CPU = Debug|Any CPU
		Release|Any CPU = Release|Any CPU
	EndGlobalSection
	GlobalSection(ProjectConfigurationPlatforms) = postSolution
		{A36AC588-6A19-41A5-B0F5-EFDB866705D2}.Debug|Any CPU.ActiveCfg = Debug|Any CPU
		{A36AC588-6A19-41A5-B0F5-EFDB866705D2}.Debug|Any CPU.Build.0 = Debug|Any CPU
		{A36AC588-6A19-41A5-B0F5-EFDB866705D2}.Release|Any CPU.ActiveCfg = Release|Any CPU
		{A36AC588-6A19-41A5-B0F5-EFDB866705D2}.Release|Any CPU.Build.0 = Release|Any CPU
		{09BA168D-B892-412D-B0DD-E133CB3C7633}.Debug|Any CPU.ActiveCfg = Debug|Any CPU
		{09BA168D-B892-412D-B0DD-E133CB3C7633}.Debug|Any CPU.Build.0 = Debug|Any CPU
		{09BA168D-B892-412D-B0DD-E133CB3C7633}.Release|Any CPU.ActiveCfg = Release|Any CPU
		{09BA168D-B892-412D-B0DD-E133CB3C7633}.Release|Any CPU.Build.0 = Release|Any CPU
		{B71995ED-BD17-4947-9027-50C5D0635C23}.Debug|Any CPU.ActiveCfg = Debug|Any CPU
		{B71995ED-BD17-4947-9027-50C5D0635C23}.Debug|Any CPU.Build.0 = Debug|Any CPU
		{B71995ED-BD17-4947-9027-50C5D0635C23}.Release|Any CPU.ActiveCfg = Release|Any CPU
		{B71995ED-BD17-4947-9027-50C5D0635C23}.Release|Any CPU.Build.0 = Release|Any CPU
		{D1B7C759-3939-403D-8F5B-84A7B7A88B56}.Debug|Any CPU.ActiveCfg = Debug|Any CPU
		{D1B7C759-3939-403D-8F5B-84A7B7A88B56}.Debug|Any CPU.Build.0 = Debug|Any CPU
		{D1B7C759-3939-403D-8F5B-84A7B7A88B56}.Release|Any CPU.ActiveCfg = Release|Any CPU
		{D1B7C759-3939-403D-8F5B-84A7B7A88B56}.Release|Any CPU.Build.0 = Release|Any CPU
		{CAAEFA23-08F6-47E9-9173-D0A52C2A675E}.Debug|Any CPU.ActiveCfg = Debug|Any CPU
		{CAAEFA23-08F6-47E9-9173-D0A52C2A675E}.Debug|Any CPU.Build.0 = Debug|Any CPU
		{CAAEFA23-08F6-47E9-9173-D0A52C2A675E}.Release|Any CPU.ActiveCfg = Release|Any CPU
		{CAAEFA23-08F6-47E9-9173-D0A52C2A675E}.Release|Any CPU.Build.0 = Release|Any CPU
		{62C946B5-5E2E-472A-A60B-2097B40A8C8A}.Debug|Any CPU.ActiveCfg = Debug|Any CPU
		{62C946B5-5E2E-472A-A60B-2097B40A8C8A}.Debug|Any CPU.Build.0 = Debug|Any CPU
		{62C946B5-5E2E-472A-A60B-2097B40A8C8A}.Release|Any CPU.ActiveCfg = Release|Any CPU
		{62C946B5-5E2E-472A-A60B-2097B40A8C8A}.Release|Any CPU.Build.0 = Release|Any CPU
		{0DA10E3E-7F8E-4DC2-8F55-00A4B7BE5D79}.Debug|Any CPU.ActiveCfg = Debug|Any CPU
		{0DA10E3E-7F8E-4DC2-8F55-00A4B7BE5D79}.Debug|Any CPU.Build.0 = Debug|Any CPU
		{0DA10E3E-7F8E-4DC2-8F55-00A4B7BE5D79}.Release|Any CPU.ActiveCfg = Release|Any CPU
		{0DA10E3E-7F8E-4DC2-8F55-00A4B7BE5D79}.Release|Any CPU.Build.0 = Release|Any CPU
	EndGlobalSection
	GlobalSection(SolutionProperties) = preSolution
		HideSolutionNode = FALSE
	EndGlobalSection
	GlobalSection(ExtensibilityGlobals) = postSolution
		SolutionGuid = {8878F3A7-4936-4444-A8BD-DF4595B21D9F}
	EndGlobalSection
EndGlobal
