
Microsoft Visual Studio Solution File, Format Version 12.00
# Visual Studio 15
VisualStudioVersion = 15.0.27130.2024
MinimumVisualStudioVersion = 10.0.40219.1
Project("{9A19103F-16F7-4668-BE54-9A1E7A4F7556}") = "ChristmasTree", "ChristmasTree\ChristmasTree.csproj", "{2A4F6DFE-5B39-4B0D-A381-CC66691A53AB}"
EndProject
Project("{9A19103F-16F7-4668-BE54-9A1E7A4F7556}") = "Butterfly", "Butterfly\Butterfly.csproj", "{34B45159-D30B-4EC0-8B03-8D6997B5C90F}"
EndProject
Project("{FAE04EC0-301F-11D3-BF4B-00C04F79EFBC}") = "GCD", "GCD\GCD.csproj", "{9491E91D-8E52-4292-8648-F766FB523AC0}"
EndProject
Project("{FAE04EC0-301F-11D3-BF4B-00C04F79EFBC}") = "NumberPyramid2", "NumberPyramid2\NumberPyramid2.csproj", "{C234B050-F8AF-45CE-B061-9BFED2E29B29}"
EndProject
Project("{FAE04EC0-301F-11D3-BF4B-00C04F79EFBC}") = "Diamond", "Diamond\Diamond.csproj", "{4504FED8-24FA-4F4F-847C-2992C9409C88}"
EndProject
Project("{FAE04EC0-301F-11D3-BF4B-00C04F79EFBC}") = "NumberTable", "NumberTable\NumberTable.csproj", "{87EC2863-23EA-4408-AD57-FD60357BB4B9}"
EndProject
Global
	GlobalSection(SolutionConfigurationPlatforms) = preSolution
		Debug|Any CPU = Debug|Any CPU
		Release|Any CPU = Release|Any CPU
	EndGlobalSection
	GlobalSection(ProjectConfigurationPlatforms) = postSolution
		{2A4F6DFE-5B39-4B0D-A381-CC66691A53AB}.Debug|Any CPU.ActiveCfg = Debug|Any CPU
		{2A4F6DFE-5B39-4B0D-A381-CC66691A53AB}.Debug|Any CPU.Build.0 = Debug|Any CPU
		{2A4F6DFE-5B39-4B0D-A381-CC66691A53AB}.Release|Any CPU.ActiveCfg = Release|Any CPU
		{2A4F6DFE-5B39-4B0D-A381-CC66691A53AB}.Release|Any CPU.Build.0 = Release|Any CPU
		{34B45159-D30B-4EC0-8B03-8D6997B5C90F}.Debug|Any CPU.ActiveCfg = Debug|Any CPU
		{34B45159-D30B-4EC0-8B03-8D6997B5C90F}.Debug|Any CPU.Build.0 = Debug|Any CPU
		{34B45159-D30B-4EC0-8B03-8D6997B5C90F}.Release|Any CPU.ActiveCfg = Release|Any CPU
		{34B45159-D30B-4EC0-8B03-8D6997B5C90F}.Release|Any CPU.Build.0 = Release|Any CPU
		{9491E91D-8E52-4292-8648-F766FB523AC0}.Debug|Any CPU.ActiveCfg = Debug|Any CPU
		{9491E91D-8E52-4292-8648-F766FB523AC0}.Debug|Any CPU.Build.0 = Debug|Any CPU
		{9491E91D-8E52-4292-8648-F766FB523AC0}.Release|Any CPU.ActiveCfg = Release|Any CPU
		{9491E91D-8E52-4292-8648-F766FB523AC0}.Release|Any CPU.Build.0 = Release|Any CPU
		{C234B050-F8AF-45CE-B061-9BFED2E29B29}.Debug|Any CPU.ActiveCfg = Debug|Any CPU
		{C234B050-F8AF-45CE-B061-9BFED2E29B29}.Debug|Any CPU.Build.0 = Debug|Any CPU
		{C234B050-F8AF-45CE-B061-9BFED2E29B29}.Release|Any CPU.ActiveCfg = Release|Any CPU
		{C234B050-F8AF-45CE-B061-9BFED2E29B29}.Release|Any CPU.Build.0 = Release|Any CPU
		{4504FED8-24FA-4F4F-847C-2992C9409C88}.Debug|Any CPU.ActiveCfg = Debug|Any CPU
		{4504FED8-24FA-4F4F-847C-2992C9409C88}.Debug|Any CPU.Build.0 = Debug|Any CPU
		{4504FED8-24FA-4F4F-847C-2992C9409C88}.Release|Any CPU.ActiveCfg = Release|Any CPU
		{4504FED8-24FA-4F4F-847C-2992C9409C88}.Release|Any CPU.Build.0 = Release|Any CPU
		{87EC2863-23EA-4408-AD57-FD60357BB4B9}.Debug|Any CPU.ActiveCfg = Debug|Any CPU
		{87EC2863-23EA-4408-AD57-FD60357BB4B9}.Debug|Any CPU.Build.0 = Debug|Any CPU
		{87EC2863-23EA-4408-AD57-FD60357BB4B9}.Release|Any CPU.ActiveCfg = Release|Any CPU
		{87EC2863-23EA-4408-AD57-FD60357BB4B9}.Release|Any CPU.Build.0 = Release|Any CPU
	EndGlobalSection
	GlobalSection(SolutionProperties) = preSolution
		HideSolutionNode = FALSE
	EndGlobalSection
	GlobalSection(ExtensibilityGlobals) = postSolution
		SolutionGuid = {A42BD1C3-2761-4025-8B12-D264B70B7502}
	EndGlobalSection
EndGlobal
