
Microsoft Visual Studio Solution File, Format Version 12.00
# Visual Studio 15
VisualStudioVersion = 15.0.27130.2027
MinimumVisualStudioVersion = 10.0.40219.1
Project("{FAE04EC0-301F-11D3-BF4B-00C04F79EFBC}") = "MatchFullName", "MatchFullName\MatchFullName.csproj", "{1DEDC5E1-A306-4692-91CB-DF4D96DC0DA8}"
EndProject
Project("{FAE04EC0-301F-11D3-BF4B-00C04F79EFBC}") = "MatchPhoneNumber", "MatchPhoneNumber\MatchPhoneNumber.csproj", "{7D3ED46B-5E04-4BBA-9B73-3FB95471FE2C}"
EndProject
Project("{FAE04EC0-301F-11D3-BF4B-00C04F79EFBC}") = "MatchHexadecimalNumbers", "MatchHexadecimalNumbers\MatchHexadecimalNumbers.csproj", "{3E9B15E2-B8B9-4B06-B7EB-0475BEF101EB}"
EndProject
Project("{FAE04EC0-301F-11D3-BF4B-00C04F79EFBC}") = "MatchDates", "MatchDates\MatchDates.csproj", "{C141189C-4CE8-401C-9D71-8824E4E26639}"
EndProject
Project("{FAE04EC0-301F-11D3-BF4B-00C04F79EFBC}") = "MatchNumbers", "MatchNumbers\MatchNumbers.csproj", "{5ADB33D4-AFE9-479B-95CC-0D701A2238F6}"
EndProject
Project("{FAE04EC0-301F-11D3-BF4B-00C04F79EFBC}") = "ReplaceTag", "ReplaceTag\ReplaceTag.csproj", "{58644951-FB08-4AF6-920A-6AE7AC648C8B}"
EndProject
Global
	GlobalSection(SolutionConfigurationPlatforms) = preSolution
		Debug|Any CPU = Debug|Any CPU
		Release|Any CPU = Release|Any CPU
	EndGlobalSection
	GlobalSection(ProjectConfigurationPlatforms) = postSolution
		{1DEDC5E1-A306-4692-91CB-DF4D96DC0DA8}.Debug|Any CPU.ActiveCfg = Debug|Any CPU
		{1DEDC5E1-A306-4692-91CB-DF4D96DC0DA8}.Debug|Any CPU.Build.0 = Debug|Any CPU
		{1DEDC5E1-A306-4692-91CB-DF4D96DC0DA8}.Release|Any CPU.ActiveCfg = Release|Any CPU
		{1DEDC5E1-A306-4692-91CB-DF4D96DC0DA8}.Release|Any CPU.Build.0 = Release|Any CPU
		{7D3ED46B-5E04-4BBA-9B73-3FB95471FE2C}.Debug|Any CPU.ActiveCfg = Debug|Any CPU
		{7D3ED46B-5E04-4BBA-9B73-3FB95471FE2C}.Debug|Any CPU.Build.0 = Debug|Any CPU
		{7D3ED46B-5E04-4BBA-9B73-3FB95471FE2C}.Release|Any CPU.ActiveCfg = Release|Any CPU
		{7D3ED46B-5E04-4BBA-9B73-3FB95471FE2C}.Release|Any CPU.Build.0 = Release|Any CPU
		{3E9B15E2-B8B9-4B06-B7EB-0475BEF101EB}.Debug|Any CPU.ActiveCfg = Debug|Any CPU
		{3E9B15E2-B8B9-4B06-B7EB-0475BEF101EB}.Debug|Any CPU.Build.0 = Debug|Any CPU
		{3E9B15E2-B8B9-4B06-B7EB-0475BEF101EB}.Release|Any CPU.ActiveCfg = Release|Any CPU
		{3E9B15E2-B8B9-4B06-B7EB-0475BEF101EB}.Release|Any CPU.Build.0 = Release|Any CPU
		{C141189C-4CE8-401C-9D71-8824E4E26639}.Debug|Any CPU.ActiveCfg = Debug|Any CPU
		{C141189C-4CE8-401C-9D71-8824E4E26639}.Debug|Any CPU.Build.0 = Debug|Any CPU
		{C141189C-4CE8-401C-9D71-8824E4E26639}.Release|Any CPU.ActiveCfg = Release|Any CPU
		{C141189C-4CE8-401C-9D71-8824E4E26639}.Release|Any CPU.Build.0 = Release|Any CPU
		{5ADB33D4-AFE9-479B-95CC-0D701A2238F6}.Debug|Any CPU.ActiveCfg = Debug|Any CPU
		{5ADB33D4-AFE9-479B-95CC-0D701A2238F6}.Debug|Any CPU.Build.0 = Debug|Any CPU
		{5ADB33D4-AFE9-479B-95CC-0D701A2238F6}.Release|Any CPU.ActiveCfg = Release|Any CPU
		{5ADB33D4-AFE9-479B-95CC-0D701A2238F6}.Release|Any CPU.Build.0 = Release|Any CPU
		{58644951-FB08-4AF6-920A-6AE7AC648C8B}.Debug|Any CPU.ActiveCfg = Debug|Any CPU
		{58644951-FB08-4AF6-920A-6AE7AC648C8B}.Debug|Any CPU.Build.0 = Debug|Any CPU
		{58644951-FB08-4AF6-920A-6AE7AC648C8B}.Release|Any CPU.ActiveCfg = Release|Any CPU
		{58644951-FB08-4AF6-920A-6AE7AC648C8B}.Release|Any CPU.Build.0 = Release|Any CPU
	EndGlobalSection
	GlobalSection(SolutionProperties) = preSolution
		HideSolutionNode = FALSE
	EndGlobalSection
	GlobalSection(ExtensibilityGlobals) = postSolution
		SolutionGuid = {E9CB1090-B673-4A31-8AF1-C6CD803CA170}
	EndGlobalSection
EndGlobal
